
Microsoft Visual Studio Solution File, Format Version 12.00
# Visual Studio Version 17
VisualStudioVersion = 17.8.34511.84
MinimumVisualStudioVersion = 10.0.40219.1
Project("{9A19103F-16F7-4668-BE54-9A1E7A4F7556}") = "Retech.API", "RetechAPI\Retech.API.csproj", "{756E8257-0A16-418C-8AE2-10269227CC8C}"
EndProject
Project("{FAE04EC0-301F-11D3-BF4B-00C04F79EFBC}") = "Retech.Core", "Retech.Core\Retech.Core.csproj", "{E2BFEFCB-3BDE-487C-B6F3-D1CB4512E52D}"
EndProject
Project("{FAE04EC0-301F-11D3-BF4B-00C04F79EFBC}") = "Retech.Application", "Retech.Application\Retech.Application.csproj", "{8F607AC7-75CA-4D00-876D-0C51C75B40D7}"
EndProject
Project("{FAE04EC0-301F-11D3-BF4B-00C04F79EFBC}") = "Retech.DataAccess", "Retech.DataAccess\Retech.DataAccess.csproj", "{BDA443BA-ACFC-49A4-8A5E-A323B6C99A54}"
EndProject
Project("{FAE04EC0-301F-11D3-BF4B-00C04F79EFBC}") = "Retech.Shared", "Retech.Shared\Retech.Shared.csproj", "{FA018312-7DDD-4D7D-8F1D-B72F72D7BB5B}"
EndProject
Global
	GlobalSection(SolutionConfigurationPlatforms) = preSolution
		Debug|Any CPU = Debug|Any CPU
		Release|Any CPU = Release|Any CPU
	EndGlobalSection
	GlobalSection(ProjectConfigurationPlatforms) = postSolution
		{756E8257-0A16-418C-8AE2-10269227CC8C}.Debug|Any CPU.ActiveCfg = Debug|Any CPU
		{756E8257-0A16-418C-8AE2-10269227CC8C}.Debug|Any CPU.Build.0 = Debug|Any CPU
		{756E8257-0A16-418C-8AE2-10269227CC8C}.Release|Any CPU.ActiveCfg = Release|Any CPU
		{756E8257-0A16-418C-8AE2-10269227CC8C}.Release|Any CPU.Build.0 = Release|Any CPU
		{E2BFEFCB-3BDE-487C-B6F3-D1CB4512E52D}.Debug|Any CPU.ActiveCfg = Debug|Any CPU
		{E2BFEFCB-3BDE-487C-B6F3-D1CB4512E52D}.Debug|Any CPU.Build.0 = Debug|Any CPU
		{E2BFEFCB-3BDE-487C-B6F3-D1CB4512E52D}.Release|Any CPU.ActiveCfg = Release|Any CPU
		{E2BFEFCB-3BDE-487C-B6F3-D1CB4512E52D}.Release|Any CPU.Build.0 = Release|Any CPU
		{8F607AC7-75CA-4D00-876D-0C51C75B40D7}.Debug|Any CPU.ActiveCfg = Debug|Any CPU
		{8F607AC7-75CA-4D00-876D-0C51C75B40D7}.Debug|Any CPU.Build.0 = Debug|Any CPU
		{8F607AC7-75CA-4D00-876D-0C51C75B40D7}.Release|Any CPU.ActiveCfg = Release|Any CPU
		{8F607AC7-75CA-4D00-876D-0C51C75B40D7}.Release|Any CPU.Build.0 = Release|Any CPU
		{BDA443BA-ACFC-49A4-8A5E-A323B6C99A54}.Debug|Any CPU.ActiveCfg = Debug|Any CPU
		{BDA443BA-ACFC-49A4-8A5E-A323B6C99A54}.Debug|Any CPU.Build.0 = Debug|Any CPU
		{BDA443BA-ACFC-49A4-8A5E-A323B6C99A54}.Release|Any CPU.ActiveCfg = Release|Any CPU
		{BDA443BA-ACFC-49A4-8A5E-A323B6C99A54}.Release|Any CPU.Build.0 = Release|Any CPU
		{FA018312-7DDD-4D7D-8F1D-B72F72D7BB5B}.Debug|Any CPU.ActiveCfg = Debug|Any CPU
		{FA018312-7DDD-4D7D-8F1D-B72F72D7BB5B}.Debug|Any CPU.Build.0 = Debug|Any CPU
		{FA018312-7DDD-4D7D-8F1D-B72F72D7BB5B}.Release|Any CPU.ActiveCfg = Release|Any CPU
		{FA018312-7DDD-4D7D-8F1D-B72F72D7BB5B}.Release|Any CPU.Build.0 = Release|Any CPU
	EndGlobalSection
	GlobalSection(SolutionProperties) = preSolution
		HideSolutionNode = FALSE
	EndGlobalSection
	GlobalSection(ExtensibilityGlobals) = postSolution
		SolutionGuid = {079415AA-4C95-4349-9F90-EAC70C761DE0}
	EndGlobalSection
EndGlobal
